
Microsoft Visual Studio Solution File, Format Version 12.00
# Visual Studio Version 16
VisualStudioVersion = 16.0.29324.140
MinimumVisualStudioVersion = 10.0.40219.1
Project("{2150E333-8FDC-42A3-9474-1A3956D46DE8}") = "Contexto", "Contexto", "{F0FF5CE5-CB7F-4A26-A3E5-54E13EA5DDD0}"
EndProject
Project("{2150E333-8FDC-42A3-9474-1A3956D46DE8}") = "Aplicacao", "Aplicacao", "{D0D1F566-ECC1-4419-89A1-C05ED8BC6B4C}"
EndProject
Project("{2150E333-8FDC-42A3-9474-1A3956D46DE8}") = "Dados", "Dados", "{54C8D6E2-653E-4F69-A5C5-0986CBB32B6E}"
EndProject
Project("{2150E333-8FDC-42A3-9474-1A3956D46DE8}") = "Dominio", "Dominio", "{D44A3F13-BDCA-4995-8AC2-F1BCDC642C5C}"
EndProject
Project("{2150E333-8FDC-42A3-9474-1A3956D46DE8}") = "Servico", "Servico", "{19BE3231-1B6C-4D0D-9EC9-5DB3C8E6BC04}"
EndProject
Project("{2150E333-8FDC-42A3-9474-1A3956D46DE8}") = "Airplane", "Airplane", "{736E18A2-10C5-46D5-B270-E4BED18C991D}"
EndProject
Project("{9A19103F-16F7-4668-BE54-9A1E7A4F7556}") = "Gol.Airplane.Aplicacao", "Gol.Airplane.Aplicacao\Gol.Airplane.Aplicacao.csproj", "{2F19B69D-E4ED-4906-98A5-126EE46C31D1}"
EndProject
Project("{9A19103F-16F7-4668-BE54-9A1E7A4F7556}") = "Gol.Airplane.Dados", "Gol.Airplane.Dados\Gol.Airplane.Dados.csproj", "{CE74550A-C044-4979-96A2-577AB9BA2F73}"
EndProject
Project("{9A19103F-16F7-4668-BE54-9A1E7A4F7556}") = "Gol.Airplane.Dominio", "Gol.Airplane.Dominio\Gol.Airplane.Dominio.csproj", "{9759B64F-6CEE-4D8C-AEDE-C3EEE0402AD0}"
EndProject
Project("{9A19103F-16F7-4668-BE54-9A1E7A4F7556}") = "Gol.Airplane.Servicos", "Gol.Airplane.Servicos\Gol.Airplane.Servicos.csproj", "{29DE8A2F-B8A2-41FB-B61E-D0F900B91649}"
EndProject
Project("{2150E333-8FDC-42A3-9474-1A3956D46DE8}") = "Testes", "Testes", "{87BCA0D1-BBD0-406E-820D-7424E2226CC2}"
EndProject
Project("{9A19103F-16F7-4668-BE54-9A1E7A4F7556}") = "Gol.Airplane.Testes", "Gol.Airplane.Testes\Gol.Airplane.Testes.csproj", "{16AB9AC9-22E6-4551-9A73-BBA8A76E8109}"
EndProject
Project("{9A19103F-16F7-4668-BE54-9A1E7A4F7556}") = "Gol.Site", "Gol.Site\Gol.Site.csproj", "{EC765CC3-BA6C-4F57-B1D0-34E725C17F8C}"
EndProject
Project("{2150E333-8FDC-42A3-9474-1A3956D46DE8}") = "Scripts", "Scripts", "{BAAC842E-D394-4CD9-9D0D-E034B88A0054}"
	ProjectSection(SolutionItems) = preProject
		..\..\..\Desktop\DATABASE GOL.sql = ..\..\..\Desktop\DATABASE GOL.sql
	EndProjectSection
EndProject
Global
	GlobalSection(SolutionConfigurationPlatforms) = preSolution
		Debug|Any CPU = Debug|Any CPU
		Release|Any CPU = Release|Any CPU
	EndGlobalSection
	GlobalSection(ProjectConfigurationPlatforms) = postSolution
		{2F19B69D-E4ED-4906-98A5-126EE46C31D1}.Debug|Any CPU.ActiveCfg = Debug|Any CPU
		{2F19B69D-E4ED-4906-98A5-126EE46C31D1}.Debug|Any CPU.Build.0 = Debug|Any CPU
		{2F19B69D-E4ED-4906-98A5-126EE46C31D1}.Release|Any CPU.ActiveCfg = Release|Any CPU
		{2F19B69D-E4ED-4906-98A5-126EE46C31D1}.Release|Any CPU.Build.0 = Release|Any CPU
		{CE74550A-C044-4979-96A2-577AB9BA2F73}.Debug|Any CPU.ActiveCfg = Debug|Any CPU
		{CE74550A-C044-4979-96A2-577AB9BA2F73}.Debug|Any CPU.Build.0 = Debug|Any CPU
		{CE74550A-C044-4979-96A2-577AB9BA2F73}.Release|Any CPU.ActiveCfg = Release|Any CPU
		{CE74550A-C044-4979-96A2-577AB9BA2F73}.Release|Any CPU.Build.0 = Release|Any CPU
		{9759B64F-6CEE-4D8C-AEDE-C3EEE0402AD0}.Debug|Any CPU.ActiveCfg = Debug|Any CPU
		{9759B64F-6CEE-4D8C-AEDE-C3EEE0402AD0}.Debug|Any CPU.Build.0 = Debug|Any CPU
		{9759B64F-6CEE-4D8C-AEDE-C3EEE0402AD0}.Release|Any CPU.ActiveCfg = Release|Any CPU
		{9759B64F-6CEE-4D8C-AEDE-C3EEE0402AD0}.Release|Any CPU.Build.0 = Release|Any CPU
		{29DE8A2F-B8A2-41FB-B61E-D0F900B91649}.Debug|Any CPU.ActiveCfg = Debug|Any CPU
		{29DE8A2F-B8A2-41FB-B61E-D0F900B91649}.Debug|Any CPU.Build.0 = Debug|Any CPU
		{29DE8A2F-B8A2-41FB-B61E-D0F900B91649}.Release|Any CPU.ActiveCfg = Release|Any CPU
		{29DE8A2F-B8A2-41FB-B61E-D0F900B91649}.Release|Any CPU.Build.0 = Release|Any CPU
		{16AB9AC9-22E6-4551-9A73-BBA8A76E8109}.Debug|Any CPU.ActiveCfg = Debug|Any CPU
		{16AB9AC9-22E6-4551-9A73-BBA8A76E8109}.Debug|Any CPU.Build.0 = Debug|Any CPU
		{16AB9AC9-22E6-4551-9A73-BBA8A76E8109}.Release|Any CPU.ActiveCfg = Release|Any CPU
		{16AB9AC9-22E6-4551-9A73-BBA8A76E8109}.Release|Any CPU.Build.0 = Release|Any CPU
		{EC765CC3-BA6C-4F57-B1D0-34E725C17F8C}.Debug|Any CPU.ActiveCfg = Debug|Any CPU
		{EC765CC3-BA6C-4F57-B1D0-34E725C17F8C}.Debug|Any CPU.Build.0 = Debug|Any CPU
		{EC765CC3-BA6C-4F57-B1D0-34E725C17F8C}.Release|Any CPU.ActiveCfg = Release|Any CPU
		{EC765CC3-BA6C-4F57-B1D0-34E725C17F8C}.Release|Any CPU.Build.0 = Release|Any CPU
	EndGlobalSection
	GlobalSection(SolutionProperties) = preSolution
		HideSolutionNode = FALSE
	EndGlobalSection
	GlobalSection(NestedProjects) = preSolution
		{D0D1F566-ECC1-4419-89A1-C05ED8BC6B4C} = {736E18A2-10C5-46D5-B270-E4BED18C991D}
		{54C8D6E2-653E-4F69-A5C5-0986CBB32B6E} = {736E18A2-10C5-46D5-B270-E4BED18C991D}
		{D44A3F13-BDCA-4995-8AC2-F1BCDC642C5C} = {736E18A2-10C5-46D5-B270-E4BED18C991D}
		{19BE3231-1B6C-4D0D-9EC9-5DB3C8E6BC04} = {736E18A2-10C5-46D5-B270-E4BED18C991D}
		{736E18A2-10C5-46D5-B270-E4BED18C991D} = {F0FF5CE5-CB7F-4A26-A3E5-54E13EA5DDD0}
		{2F19B69D-E4ED-4906-98A5-126EE46C31D1} = {D0D1F566-ECC1-4419-89A1-C05ED8BC6B4C}
		{CE74550A-C044-4979-96A2-577AB9BA2F73} = {54C8D6E2-653E-4F69-A5C5-0986CBB32B6E}
		{9759B64F-6CEE-4D8C-AEDE-C3EEE0402AD0} = {D44A3F13-BDCA-4995-8AC2-F1BCDC642C5C}
		{29DE8A2F-B8A2-41FB-B61E-D0F900B91649} = {19BE3231-1B6C-4D0D-9EC9-5DB3C8E6BC04}
		{87BCA0D1-BBD0-406E-820D-7424E2226CC2} = {736E18A2-10C5-46D5-B270-E4BED18C991D}
		{16AB9AC9-22E6-4551-9A73-BBA8A76E8109} = {87BCA0D1-BBD0-406E-820D-7424E2226CC2}
	EndGlobalSection
	GlobalSection(ExtensibilityGlobals) = postSolution
		SolutionGuid = {D31663AB-60A4-43A8-BCEF-B31382A8E66C}
	EndGlobalSection
EndGlobal
